
Microsoft Visual Studio Solution File, Format Version 12.00
# Visual Studio Version 17
VisualStudioVersion = 17.13.35818.85
MinimumVisualStudioVersion = 10.0.40219.1
Project("{FAE04EC0-301F-11D3-BF4B-00C04F79EFBC}") = "RepasoW1", "RepasoW1\RepasoW1.csproj", "{BC02FEA8-306B-43A3-9B31-76D7E9A429DA}"
EndProject
Project("{FAE04EC0-301F-11D3-BF4B-00C04F79EFBC}") = "WhileLoop", "WhileLoop\WhileLoop.csproj", "{94ABED79-1AF7-452E-BFDB-7623EEB2BE64}"
EndProject
Project("{FAE04EC0-301F-11D3-BF4B-00C04F79EFBC}") = "W1_Loop_Tarea", "W1_Loop_Tarea\W1_Loop_Tarea.csproj", "{C049960B-1003-4BB8-A446-82E5141878C9}"
EndProject
Project("{FAE04EC0-301F-11D3-BF4B-00C04F79EFBC}") = "Week2_Arrays_Uni", "Week2_Arrays\Week2_Arrays_Uni.csproj", "{B1982297-12A9-42DD-A8BA-B5DA8827DA5F}"
EndProject
Project("{FAE04EC0-301F-11D3-BF4B-00C04F79EFBC}") = "Week2_Arrays_Multi", "Week2_Arrays_Multi\Week2_Arrays_Multi.csproj", "{F78AC983-9E62-400F-B3B4-26FE47432406}"
EndProject
Project("{FAE04EC0-301F-11D3-BF4B-00C04F79EFBC}") = "Week2_Collections", "Week2_Collections\Week2_Collections.csproj", "{700A0306-804F-4F31-AE1C-654E3A557467}"
EndProject
Project("{FAE04EC0-301F-11D3-BF4B-00C04F79EFBC}") = "Week2_List", "Week2_List\Week2_List.csproj", "{D738A4F6-D7F1-4800-8398-193F050C3214}"
EndProject
Project("{FAE04EC0-301F-11D3-BF4B-00C04F79EFBC}") = "Week2_Collections_Dictionary", "Week2_Collections_Dictionary\Week2_Collections_Dictionary.csproj", "{5E8FC288-802C-459B-956C-7F0A588A0BCF}"
EndProject
Project("{FAE04EC0-301F-11D3-BF4B-00C04F79EFBC}") = "Week2_HashSet", "Week2_HashSet\Week2_HashSet.csproj", "{64AFCEB6-78E7-4BD9-88D5-7E3C19AE6761}"
EndProject
Project("{FAE04EC0-301F-11D3-BF4B-00C04F79EFBC}") = "MODULE1_CHALLENGE_JONATAN_ARCE", "MODULE1_CHALLENGE_JONATAN_ARCE\MODULE1_CHALLENGE_JONATAN_ARCE.csproj", "{58FBA483-60AD-43D8-958F-57BA6D78C22D}"
EndProject
Project("{FAE04EC0-301F-11D3-BF4B-00C04F79EFBC}") = "RepasoModulo1", "RepasoModulo1\RepasoModulo1.csproj", "{445FAADD-5D40-4BC5-B6CB-8C2A872FF5BB}"
EndProject
Global
	GlobalSection(SolutionConfigurationPlatforms) = preSolution
		Debug|Any CPU = Debug|Any CPU
		Release|Any CPU = Release|Any CPU
	EndGlobalSection
	GlobalSection(ProjectConfigurationPlatforms) = postSolution
		{BC02FEA8-306B-43A3-9B31-76D7E9A429DA}.Debug|Any CPU.ActiveCfg = Debug|Any CPU
		{BC02FEA8-306B-43A3-9B31-76D7E9A429DA}.Debug|Any CPU.Build.0 = Debug|Any CPU
		{BC02FEA8-306B-43A3-9B31-76D7E9A429DA}.Release|Any CPU.ActiveCfg = Release|Any CPU
		{BC02FEA8-306B-43A3-9B31-76D7E9A429DA}.Release|Any CPU.Build.0 = Release|Any CPU
		{94ABED79-1AF7-452E-BFDB-7623EEB2BE64}.Debug|Any CPU.ActiveCfg = Debug|Any CPU
		{94ABED79-1AF7-452E-BFDB-7623EEB2BE64}.Debug|Any CPU.Build.0 = Debug|Any CPU
		{94ABED79-1AF7-452E-BFDB-7623EEB2BE64}.Release|Any CPU.ActiveCfg = Release|Any CPU
		{94ABED79-1AF7-452E-BFDB-7623EEB2BE64}.Release|Any CPU.Build.0 = Release|Any CPU
		{C049960B-1003-4BB8-A446-82E5141878C9}.Debug|Any CPU.ActiveCfg = Debug|Any CPU
		{C049960B-1003-4BB8-A446-82E5141878C9}.Debug|Any CPU.Build.0 = Debug|Any CPU
		{C049960B-1003-4BB8-A446-82E5141878C9}.Release|Any CPU.ActiveCfg = Release|Any CPU
		{C049960B-1003-4BB8-A446-82E5141878C9}.Release|Any CPU.Build.0 = Release|Any CPU
		{B1982297-12A9-42DD-A8BA-B5DA8827DA5F}.Debug|Any CPU.ActiveCfg = Debug|Any CPU
		{B1982297-12A9-42DD-A8BA-B5DA8827DA5F}.Debug|Any CPU.Build.0 = Debug|Any CPU
		{B1982297-12A9-42DD-A8BA-B5DA8827DA5F}.Release|Any CPU.ActiveCfg = Release|Any CPU
		{B1982297-12A9-42DD-A8BA-B5DA8827DA5F}.Release|Any CPU.Build.0 = Release|Any CPU
		{F78AC983-9E62-400F-B3B4-26FE47432406}.Debug|Any CPU.ActiveCfg = Debug|Any CPU
		{F78AC983-9E62-400F-B3B4-26FE47432406}.Debug|Any CPU.Build.0 = Debug|Any CPU
		{F78AC983-9E62-400F-B3B4-26FE47432406}.Release|Any CPU.ActiveCfg = Release|Any CPU
		{F78AC983-9E62-400F-B3B4-26FE47432406}.Release|Any CPU.Build.0 = Release|Any CPU
		{700A0306-804F-4F31-AE1C-654E3A557467}.Debug|Any CPU.ActiveCfg = Debug|Any CPU
		{700A0306-804F-4F31-AE1C-654E3A557467}.Debug|Any CPU.Build.0 = Debug|Any CPU
		{700A0306-804F-4F31-AE1C-654E3A557467}.Release|Any CPU.ActiveCfg = Release|Any CPU
		{700A0306-804F-4F31-AE1C-654E3A557467}.Release|Any CPU.Build.0 = Release|Any CPU
		{D738A4F6-D7F1-4800-8398-193F050C3214}.Debug|Any CPU.ActiveCfg = Debug|Any CPU
		{D738A4F6-D7F1-4800-8398-193F050C3214}.Debug|Any CPU.Build.0 = Debug|Any CPU
		{D738A4F6-D7F1-4800-8398-193F050C3214}.Release|Any CPU.ActiveCfg = Release|Any CPU
		{D738A4F6-D7F1-4800-8398-193F050C3214}.Release|Any CPU.Build.0 = Release|Any CPU
		{5E8FC288-802C-459B-956C-7F0A588A0BCF}.Debug|Any CPU.ActiveCfg = Debug|Any CPU
		{5E8FC288-802C-459B-956C-7F0A588A0BCF}.Debug|Any CPU.Build.0 = Debug|Any CPU
		{5E8FC288-802C-459B-956C-7F0A588A0BCF}.Release|Any CPU.ActiveCfg = Release|Any CPU
		{5E8FC288-802C-459B-956C-7F0A588A0BCF}.Release|Any CPU.Build.0 = Release|Any CPU
		{64AFCEB6-78E7-4BD9-88D5-7E3C19AE6761}.Debug|Any CPU.ActiveCfg = Debug|Any CPU
		{64AFCEB6-78E7-4BD9-88D5-7E3C19AE6761}.Debug|Any CPU.Build.0 = Debug|Any CPU
		{64AFCEB6-78E7-4BD9-88D5-7E3C19AE6761}.Release|Any CPU.ActiveCfg = Release|Any CPU
		{64AFCEB6-78E7-4BD9-88D5-7E3C19AE6761}.Release|Any CPU.Build.0 = Release|Any CPU
		{58FBA483-60AD-43D8-958F-57BA6D78C22D}.Debug|Any CPU.ActiveCfg = Debug|Any CPU
		{58FBA483-60AD-43D8-958F-57BA6D78C22D}.Debug|Any CPU.Build.0 = Debug|Any CPU
		{58FBA483-60AD-43D8-958F-57BA6D78C22D}.Release|Any CPU.ActiveCfg = Release|Any CPU
		{58FBA483-60AD-43D8-958F-57BA6D78C22D}.Release|Any CPU.Build.0 = Release|Any CPU
		{445FAADD-5D40-4BC5-B6CB-8C2A872FF5BB}.Debug|Any CPU.ActiveCfg = Debug|Any CPU
		{445FAADD-5D40-4BC5-B6CB-8C2A872FF5BB}.Debug|Any CPU.Build.0 = Debug|Any CPU
		{445FAADD-5D40-4BC5-B6CB-8C2A872FF5BB}.Release|Any CPU.ActiveCfg = Release|Any CPU
		{445FAADD-5D40-4BC5-B6CB-8C2A872FF5BB}.Release|Any CPU.Build.0 = Release|Any CPU
	EndGlobalSection
	GlobalSection(SolutionProperties) = preSolution
		HideSolutionNode = FALSE
	EndGlobalSection
	GlobalSection(ExtensibilityGlobals) = postSolution
		SolutionGuid = {E1117C1D-91B5-4102-B652-4DF96914F4C6}
	EndGlobalSection
EndGlobal
